
Microsoft Visual Studio Solution File, Format Version 12.00
# Visual Studio Version 17
VisualStudioVersion = 17.7.34003.232
MinimumVisualStudioVersion = 10.0.40219.1
Project("{FAE04EC0-301F-11D3-BF4B-00C04F79EFBC}") = "kuisPertemuan11-Hilwa", "kuisPertemuan11-Hilwa.csproj", "{0E4E4210-10B0-4A5D-8E7D-8AF4C90502E7}"
EndProject
Global
	GlobalSection(SolutionConfigurationPlatforms) = preSolution
		Debug|Any CPU = Debug|Any CPU
		Release|Any CPU = Release|Any CPU
	EndGlobalSection
	GlobalSection(ProjectConfigurationPlatforms) = postSolution
		{0E4E4210-10B0-4A5D-8E7D-8AF4C90502E7}.Debug|Any CPU.ActiveCfg = Debug|Any CPU
		{0E4E4210-10B0-4A5D-8E7D-8AF4C90502E7}.Debug|Any CPU.Build.0 = Debug|Any CPU
		{0E4E4210-10B0-4A5D-8E7D-8AF4C90502E7}.Release|Any CPU.ActiveCfg = Release|Any CPU
		{0E4E4210-10B0-4A5D-8E7D-8AF4C90502E7}.Release|Any CPU.Build.0 = Release|Any CPU
	EndGlobalSection
	GlobalSection(SolutionProperties) = preSolution
		HideSolutionNode = FALSE
	EndGlobalSection
	GlobalSection(ExtensibilityGlobals) = postSolution
		SolutionGuid = {78A95732-9786-458A-AA51-DC5436D9C024}
	EndGlobalSection
EndGlobal
